
Microsoft Visual Studio Solution File, Format Version 12.00
# Visual Studio 15
VisualStudioVersion = 15.0.28307.572
MinimumVisualStudioVersion = 10.0.40219.1
Project("{FAE04EC0-301F-11D3-BF4B-00C04F79EFBC}") = "MainWebApp", "MainWebApp\MainWebApp.csproj", "{0CA450B5-57A3-4DB3-AE33-2DA504A6B429}"
EndProject
Project("{FAE04EC0-301F-11D3-BF4B-00C04F79EFBC}") = "RefWeb", "RefWeb\RefWeb.csproj", "{CEE4837F-C004-42DA-B446-5E6BCEEE6183}"
EndProject
Project("{FAE04EC0-301F-11D3-BF4B-00C04F79EFBC}") = "PackWeb", "PackWeb\PackWeb.csproj", "{3D6C8FBF-666B-4968-8B7C-DFEB8099E27A}"
EndProject
Project("{FAE04EC0-301F-11D3-BF4B-00C04F79EFBC}") = "CommonStartupCode", "CommonStartupCode\CommonStartupCode.csproj", "{6579210D-8268-4105-85B4-36B9F1D7EB91}"
EndProject
Project("{FAE04EC0-301F-11D3-BF4B-00C04F79EFBC}") = "AA.Lib", "AA.Lib\AA.Lib.csproj", "{50CE16C9-C55D-4DA9-8198-4025CE813588}"
EndProject
Project("{FAE04EC0-301F-11D3-BF4B-00C04F79EFBC}") = "BB.Lib", "BB.Lib\BB.Lib.csproj", "{83A08093-C1D2-4A43-9F9A-BB62B9E8D8EC}"
EndProject
Project("{FAE04EC0-301F-11D3-BF4B-00C04F79EFBC}") = "CC.Lib", "CC.Lib\CC.Lib.csproj", "{941DF759-4E46-4989-B428-04E41DC6E872}"
EndProject
Project("{FAE04EC0-301F-11D3-BF4B-00C04F79EFBC}") = "DD.Lib", "DD.Lib\DD.Lib.csproj", "{0EBD93D0-B3BF-472B-81B1-9D79F4C4D874}"
EndProject
Project("{FAE04EC0-301F-11D3-BF4B-00C04F79EFBC}") = "EE.Lib", "EE.Lib\EE.Lib.csproj", "{53050BE2-BCCC-4F2C-B48E-89D9CE8AF64E}"
EndProject
Project("{FAE04EC0-301F-11D3-BF4B-00C04F79EFBC}") = "FF.Lib", "FF.Lib\FF.Lib.csproj", "{1494759A-096A-4926-B6BF-E4D7358A47DA}"
EndProject
Project("{FAE04EC0-301F-11D3-BF4B-00C04F79EFBC}") = "AA", "AA\AA.csproj", "{397A025F-D0A7-4DC7-816D-2856103D99C9}"
EndProject
Project("{FAE04EC0-301F-11D3-BF4B-00C04F79EFBC}") = "BB", "BB\BB.csproj", "{685A7622-F325-40EA-AF40-3CE28B3A9653}"
EndProject
Project("{FAE04EC0-301F-11D3-BF4B-00C04F79EFBC}") = "CC", "CC\CC.csproj", "{7C7C98C3-A6FA-4C21-ADA4-5EE761E49F13}"
EndProject
Project("{FAE04EC0-301F-11D3-BF4B-00C04F79EFBC}") = "DD", "DD\DD.csproj", "{5FD4C737-37F3-4D95-94A0-12A06F2BBCB6}"
EndProject
Project("{FAE04EC0-301F-11D3-BF4B-00C04F79EFBC}") = "EE", "EE\EE.csproj", "{B145C9BA-BB54-4ABD-8AAB-2746516F25FA}"
EndProject
Project("{FAE04EC0-301F-11D3-BF4B-00C04F79EFBC}") = "FF", "FF\FF.csproj", "{3F464199-C1C5-4878-855F-E48D9C247E21}"
EndProject
Global
	GlobalSection(SolutionConfigurationPlatforms) = preSolution
		Debug|Any CPU = Debug|Any CPU
		Release|Any CPU = Release|Any CPU
	EndGlobalSection
	GlobalSection(ProjectConfigurationPlatforms) = postSolution
		{0CA450B5-57A3-4DB3-AE33-2DA504A6B429}.Debug|Any CPU.ActiveCfg = Debug|Any CPU
		{0CA450B5-57A3-4DB3-AE33-2DA504A6B429}.Debug|Any CPU.Build.0 = Debug|Any CPU
		{0CA450B5-57A3-4DB3-AE33-2DA504A6B429}.Release|Any CPU.ActiveCfg = Release|Any CPU
		{0CA450B5-57A3-4DB3-AE33-2DA504A6B429}.Release|Any CPU.Build.0 = Release|Any CPU
		{CEE4837F-C004-42DA-B446-5E6BCEEE6183}.Debug|Any CPU.ActiveCfg = Debug|Any CPU
		{CEE4837F-C004-42DA-B446-5E6BCEEE6183}.Debug|Any CPU.Build.0 = Debug|Any CPU
		{CEE4837F-C004-42DA-B446-5E6BCEEE6183}.Release|Any CPU.ActiveCfg = Release|Any CPU
		{CEE4837F-C004-42DA-B446-5E6BCEEE6183}.Release|Any CPU.Build.0 = Release|Any CPU
		{3D6C8FBF-666B-4968-8B7C-DFEB8099E27A}.Debug|Any CPU.ActiveCfg = Debug|Any CPU
		{3D6C8FBF-666B-4968-8B7C-DFEB8099E27A}.Debug|Any CPU.Build.0 = Debug|Any CPU
		{3D6C8FBF-666B-4968-8B7C-DFEB8099E27A}.Release|Any CPU.ActiveCfg = Release|Any CPU
		{3D6C8FBF-666B-4968-8B7C-DFEB8099E27A}.Release|Any CPU.Build.0 = Release|Any CPU
		{6579210D-8268-4105-85B4-36B9F1D7EB91}.Debug|Any CPU.ActiveCfg = Debug|Any CPU
		{6579210D-8268-4105-85B4-36B9F1D7EB91}.Debug|Any CPU.Build.0 = Debug|Any CPU
		{6579210D-8268-4105-85B4-36B9F1D7EB91}.Release|Any CPU.ActiveCfg = Release|Any CPU
		{6579210D-8268-4105-85B4-36B9F1D7EB91}.Release|Any CPU.Build.0 = Release|Any CPU
		{50CE16C9-C55D-4DA9-8198-4025CE813588}.Debug|Any CPU.ActiveCfg = Debug|Any CPU
		{50CE16C9-C55D-4DA9-8198-4025CE813588}.Debug|Any CPU.Build.0 = Debug|Any CPU
		{50CE16C9-C55D-4DA9-8198-4025CE813588}.Release|Any CPU.ActiveCfg = Release|Any CPU
		{50CE16C9-C55D-4DA9-8198-4025CE813588}.Release|Any CPU.Build.0 = Release|Any CPU
		{83A08093-C1D2-4A43-9F9A-BB62B9E8D8EC}.Debug|Any CPU.ActiveCfg = Debug|Any CPU
		{83A08093-C1D2-4A43-9F9A-BB62B9E8D8EC}.Debug|Any CPU.Build.0 = Debug|Any CPU
		{83A08093-C1D2-4A43-9F9A-BB62B9E8D8EC}.Release|Any CPU.ActiveCfg = Release|Any CPU
		{83A08093-C1D2-4A43-9F9A-BB62B9E8D8EC}.Release|Any CPU.Build.0 = Release|Any CPU
		{941DF759-4E46-4989-B428-04E41DC6E872}.Debug|Any CPU.ActiveCfg = Debug|Any CPU
		{941DF759-4E46-4989-B428-04E41DC6E872}.Debug|Any CPU.Build.0 = Debug|Any CPU
		{941DF759-4E46-4989-B428-04E41DC6E872}.Release|Any CPU.ActiveCfg = Release|Any CPU
		{941DF759-4E46-4989-B428-04E41DC6E872}.Release|Any CPU.Build.0 = Release|Any CPU
		{0EBD93D0-B3BF-472B-81B1-9D79F4C4D874}.Debug|Any CPU.ActiveCfg = Debug|Any CPU
		{0EBD93D0-B3BF-472B-81B1-9D79F4C4D874}.Debug|Any CPU.Build.0 = Debug|Any CPU
		{0EBD93D0-B3BF-472B-81B1-9D79F4C4D874}.Release|Any CPU.ActiveCfg = Release|Any CPU
		{0EBD93D0-B3BF-472B-81B1-9D79F4C4D874}.Release|Any CPU.Build.0 = Release|Any CPU
		{53050BE2-BCCC-4F2C-B48E-89D9CE8AF64E}.Debug|Any CPU.ActiveCfg = Debug|Any CPU
		{53050BE2-BCCC-4F2C-B48E-89D9CE8AF64E}.Debug|Any CPU.Build.0 = Debug|Any CPU
		{53050BE2-BCCC-4F2C-B48E-89D9CE8AF64E}.Release|Any CPU.ActiveCfg = Release|Any CPU
		{53050BE2-BCCC-4F2C-B48E-89D9CE8AF64E}.Release|Any CPU.Build.0 = Release|Any CPU
		{1494759A-096A-4926-B6BF-E4D7358A47DA}.Debug|Any CPU.ActiveCfg = Debug|Any CPU
		{1494759A-096A-4926-B6BF-E4D7358A47DA}.Debug|Any CPU.Build.0 = Debug|Any CPU
		{1494759A-096A-4926-B6BF-E4D7358A47DA}.Release|Any CPU.ActiveCfg = Release|Any CPU
		{1494759A-096A-4926-B6BF-E4D7358A47DA}.Release|Any CPU.Build.0 = Release|Any CPU
		{397A025F-D0A7-4DC7-816D-2856103D99C9}.Debug|Any CPU.ActiveCfg = Debug|Any CPU
		{397A025F-D0A7-4DC7-816D-2856103D99C9}.Debug|Any CPU.Build.0 = Debug|Any CPU
		{397A025F-D0A7-4DC7-816D-2856103D99C9}.Release|Any CPU.ActiveCfg = Release|Any CPU
		{397A025F-D0A7-4DC7-816D-2856103D99C9}.Release|Any CPU.Build.0 = Release|Any CPU
		{685A7622-F325-40EA-AF40-3CE28B3A9653}.Debug|Any CPU.ActiveCfg = Debug|Any CPU
		{685A7622-F325-40EA-AF40-3CE28B3A9653}.Debug|Any CPU.Build.0 = Debug|Any CPU
		{685A7622-F325-40EA-AF40-3CE28B3A9653}.Release|Any CPU.ActiveCfg = Release|Any CPU
		{685A7622-F325-40EA-AF40-3CE28B3A9653}.Release|Any CPU.Build.0 = Release|Any CPU
		{7C7C98C3-A6FA-4C21-ADA4-5EE761E49F13}.Debug|Any CPU.ActiveCfg = Debug|Any CPU
		{7C7C98C3-A6FA-4C21-ADA4-5EE761E49F13}.Debug|Any CPU.Build.0 = Debug|Any CPU
		{7C7C98C3-A6FA-4C21-ADA4-5EE761E49F13}.Release|Any CPU.ActiveCfg = Release|Any CPU
		{7C7C98C3-A6FA-4C21-ADA4-5EE761E49F13}.Release|Any CPU.Build.0 = Release|Any CPU
		{5FD4C737-37F3-4D95-94A0-12A06F2BBCB6}.Debug|Any CPU.ActiveCfg = Debug|Any CPU
		{5FD4C737-37F3-4D95-94A0-12A06F2BBCB6}.Debug|Any CPU.Build.0 = Debug|Any CPU
		{5FD4C737-37F3-4D95-94A0-12A06F2BBCB6}.Release|Any CPU.ActiveCfg = Release|Any CPU
		{5FD4C737-37F3-4D95-94A0-12A06F2BBCB6}.Release|Any CPU.Build.0 = Release|Any CPU
		{B145C9BA-BB54-4ABD-8AAB-2746516F25FA}.Debug|Any CPU.ActiveCfg = Debug|Any CPU
		{B145C9BA-BB54-4ABD-8AAB-2746516F25FA}.Debug|Any CPU.Build.0 = Debug|Any CPU
		{B145C9BA-BB54-4ABD-8AAB-2746516F25FA}.Release|Any CPU.ActiveCfg = Release|Any CPU
		{B145C9BA-BB54-4ABD-8AAB-2746516F25FA}.Release|Any CPU.Build.0 = Release|Any CPU
		{3F464199-C1C5-4878-855F-E48D9C247E21}.Debug|Any CPU.ActiveCfg = Debug|Any CPU
		{3F464199-C1C5-4878-855F-E48D9C247E21}.Debug|Any CPU.Build.0 = Debug|Any CPU
		{3F464199-C1C5-4878-855F-E48D9C247E21}.Release|Any CPU.ActiveCfg = Release|Any CPU
		{3F464199-C1C5-4878-855F-E48D9C247E21}.Release|Any CPU.Build.0 = Release|Any CPU
	EndGlobalSection
	GlobalSection(SolutionProperties) = preSolution
		HideSolutionNode = FALSE
	EndGlobalSection
	GlobalSection(ExtensibilityGlobals) = postSolution
		SolutionGuid = {DE53A294-2460-41B2-A772-862A12B0264D}
	EndGlobalSection
EndGlobal
