
Microsoft Visual Studio Solution File, Format Version 12.00
# Visual Studio 15
VisualStudioVersion = 15.0.28307.645
MinimumVisualStudioVersion = 10.0.40219.1
Project("{FAE04EC0-301F-11D3-BF4B-00C04F79EFBC}") = "ProjName_HostApp", "ProjName_HostApp\ProjName_HostApp.csproj", "{1B94AE68-F415-445A-9E53-2224AF0595D3}"
EndProject
Project("{FAE04EC0-301F-11D3-BF4B-00C04F79EFBC}") = "ProjName", "ProjName\ProjName.csproj", "{E79DF22C-274D-4DBE-B524-7442A00447D5}"
EndProject
Project("{2150E333-8FDC-42A3-9474-1A3956D46DE8}") = "About", "About", "{E1C862ED-9C39-4D68-9B73-BA3B91E46727}"
	ProjectSection(SolutionItems) = preProject
		ReadMe.md = ReadMe.md
	EndProjectSection
EndProject
Global
	GlobalSection(SolutionConfigurationPlatforms) = preSolution
		Debug|Any CPU = Debug|Any CPU
		Release|Any CPU = Release|Any CPU
	EndGlobalSection
	GlobalSection(ProjectConfigurationPlatforms) = postSolution
		{1B94AE68-F415-445A-9E53-2224AF0595D3}.Debug|Any CPU.ActiveCfg = Debug|Any CPU
		{1B94AE68-F415-445A-9E53-2224AF0595D3}.Debug|Any CPU.Build.0 = Debug|Any CPU
		{1B94AE68-F415-445A-9E53-2224AF0595D3}.Release|Any CPU.ActiveCfg = Release|Any CPU
		{1B94AE68-F415-445A-9E53-2224AF0595D3}.Release|Any CPU.Build.0 = Release|Any CPU
		{E79DF22C-274D-4DBE-B524-7442A00447D5}.Debug|Any CPU.ActiveCfg = Debug|Any CPU
		{E79DF22C-274D-4DBE-B524-7442A00447D5}.Debug|Any CPU.Build.0 = Debug|Any CPU
		{E79DF22C-274D-4DBE-B524-7442A00447D5}.Release|Any CPU.ActiveCfg = Release|Any CPU
		{E79DF22C-274D-4DBE-B524-7442A00447D5}.Release|Any CPU.Build.0 = Release|Any CPU
	EndGlobalSection
	GlobalSection(SolutionProperties) = preSolution
		HideSolutionNode = FALSE
	EndGlobalSection
	GlobalSection(ExtensibilityGlobals) = postSolution
		SolutionGuid = {F43D8BB2-49FD-4953-8037-A01B1C3B0FAD}
	EndGlobalSection
EndGlobal
