
Microsoft Visual Studio Solution File, Format Version 12.00
# Visual Studio 15
VisualStudioVersion = 15.0.27703.2047
MinimumVisualStudioVersion = 10.0.40219.1
Project("{FAE04EC0-301F-11D3-BF4B-00C04F79EFBC}") = "HubApp", "HubApp\HubApp.csproj", "{FB7D63D6-728B-4AF9-9B33-D7875C66D2AE}"
EndProject
Project("{FAE04EC0-301F-11D3-BF4B-00C04F79EFBC}") = "Shipyards.UI", "Shipyards.UI\Shipyards.UI.csproj", "{63FDB88C-859B-448F-B708-5B2A385080A5}"
EndProject
Project("{FAE04EC0-301F-11D3-BF4B-00C04F79EFBC}") = "ModularMVC", "ModularMVC\ModularMVC.csproj", "{3668C3EA-6FDA-40CF-B56A-098BE9E5B16D}"
EndProject
Project("{FAE04EC0-301F-11D3-BF4B-00C04F79EFBC}") = "ModularMVC.Specs", "ModularMVC.Specs\ModularMVC.Specs.csproj", "{8FAC3A9B-4A5E-4DEC-9C57-3D8D94563497}"
EndProject
Global
	GlobalSection(SolutionConfigurationPlatforms) = preSolution
		Debug|Any CPU = Debug|Any CPU
		Release|Any CPU = Release|Any CPU
	EndGlobalSection
	GlobalSection(ProjectConfigurationPlatforms) = postSolution
		{FB7D63D6-728B-4AF9-9B33-D7875C66D2AE}.Debug|Any CPU.ActiveCfg = Debug|Any CPU
		{FB7D63D6-728B-4AF9-9B33-D7875C66D2AE}.Debug|Any CPU.Build.0 = Debug|Any CPU
		{FB7D63D6-728B-4AF9-9B33-D7875C66D2AE}.Release|Any CPU.ActiveCfg = Release|Any CPU
		{FB7D63D6-728B-4AF9-9B33-D7875C66D2AE}.Release|Any CPU.Build.0 = Release|Any CPU
		{63FDB88C-859B-448F-B708-5B2A385080A5}.Debug|Any CPU.ActiveCfg = Debug|Any CPU
		{63FDB88C-859B-448F-B708-5B2A385080A5}.Debug|Any CPU.Build.0 = Debug|Any CPU
		{63FDB88C-859B-448F-B708-5B2A385080A5}.Release|Any CPU.ActiveCfg = Release|Any CPU
		{63FDB88C-859B-448F-B708-5B2A385080A5}.Release|Any CPU.Build.0 = Release|Any CPU
		{3668C3EA-6FDA-40CF-B56A-098BE9E5B16D}.Debug|Any CPU.ActiveCfg = Debug|Any CPU
		{3668C3EA-6FDA-40CF-B56A-098BE9E5B16D}.Debug|Any CPU.Build.0 = Debug|Any CPU
		{3668C3EA-6FDA-40CF-B56A-098BE9E5B16D}.Release|Any CPU.ActiveCfg = Release|Any CPU
		{3668C3EA-6FDA-40CF-B56A-098BE9E5B16D}.Release|Any CPU.Build.0 = Release|Any CPU
		{8FAC3A9B-4A5E-4DEC-9C57-3D8D94563497}.Debug|Any CPU.ActiveCfg = Debug|Any CPU
		{8FAC3A9B-4A5E-4DEC-9C57-3D8D94563497}.Debug|Any CPU.Build.0 = Debug|Any CPU
		{8FAC3A9B-4A5E-4DEC-9C57-3D8D94563497}.Release|Any CPU.ActiveCfg = Release|Any CPU
		{8FAC3A9B-4A5E-4DEC-9C57-3D8D94563497}.Release|Any CPU.Build.0 = Release|Any CPU
	EndGlobalSection
	GlobalSection(SolutionProperties) = preSolution
		HideSolutionNode = FALSE
	EndGlobalSection
	GlobalSection(ExtensibilityGlobals) = postSolution
		SolutionGuid = {85BA684B-9A4D-4A51-B8C3-F962B52988A5}
	EndGlobalSection
EndGlobal
